// !$*UTF8*$!
{
	archiveVersion = 1;
	classes = {
	};
	objectVersion = 56;
	objects = {

/* Begin PBXBuildFile section */
		0410EEEF7C02CFED465F6E28 /* Pods_delegate_sampleTests.framework in Frameworks */ = {isa = PBXBuildFile; fileRef = F712A00777C8707E16CAC98C /* Pods_delegate_sampleTests.framework */; };
		0CD839F84A6069AAF5C9A364 /* Pods_delegate_sample_delegate_sampleUITests.framework in Frameworks */ = {isa = PBXBuildFile; fileRef = 5AA1CB6172D3061D5DA5A774 /* Pods_delegate_sample_delegate_sampleUITests.framework */; };
		3A1DB1E62973B5D400A56670 /* CustomButton.swift in Sources */ = {isa = PBXBuildFile; fileRef = 3A1DB1E52973B5D400A56670 /* CustomButton.swift */; };
		3A2015D229704DED00365BDA /* DetailViewController.swift in Sources */ = {isa = PBXBuildFile; fileRef = 3A2015D129704DED00365BDA /* DetailViewController.swift */; };
		3A860F39297006C6003A0AA8 /* AppDelegate.swift in Sources */ = {isa = PBXBuildFile; fileRef = 3A860F38297006C6003A0AA8 /* AppDelegate.swift */; };
		3A860F3B297006C6003A0AA8 /* SceneDelegate.swift in Sources */ = {isa = PBXBuildFile; fileRef = 3A860F3A297006C6003A0AA8 /* SceneDelegate.swift */; };
		3A860F3D297006C6003A0AA8 /* ViewController.swift in Sources */ = {isa = PBXBuildFile; fileRef = 3A860F3C297006C6003A0AA8 /* ViewController.swift */; };
		3A860F40297006C6003A0AA8 /* Main.storyboard in Resources */ = {isa = PBXBuildFile; fileRef = 3A860F3E297006C6003A0AA8 /* Main.storyboard */; };
		3A860F42297006C7003A0AA8 /* Assets.xcassets in Resources */ = {isa = PBXBuildFile; fileRef = 3A860F41297006C7003A0AA8 /* Assets.xcassets */; };
		3A860F45297006C7003A0AA8 /* LaunchScreen.storyboard in Resources */ = {isa = PBXBuildFile; fileRef = 3A860F43297006C7003A0AA8 /* LaunchScreen.storyboard */; };
		3A860F50297006C7003A0AA8 /* delegate_sampleTests.swift in Sources */ = {isa = PBXBuildFile; fileRef = 3A860F4F297006C7003A0AA8 /* delegate_sampleTests.swift */; };
		3A860F5A297006C7003A0AA8 /* delegate_sampleUITests.swift in Sources */ = {isa = PBXBuildFile; fileRef = 3A860F59297006C7003A0AA8 /* delegate_sampleUITests.swift */; };
		3A860F5C297006C7003A0AA8 /* delegate_sampleUITestsLaunchTests.swift in Sources */ = {isa = PBXBuildFile; fileRef = 3A860F5B297006C7003A0AA8 /* delegate_sampleUITestsLaunchTests.swift */; };
		A00BEE83711FF2CA683FA1BA /* Pods_delegate_sample.framework in Frameworks */ = {isa = PBXBuildFile; fileRef = 98DEA8CE1DC0D5EAD8DFBDA7 /* Pods_delegate_sample.framework */; };
/* End PBXBuildFile section */

/* Begin PBXContainerItemProxy section */
		3A860F4C297006C7003A0AA8 /* PBXContainerItemProxy */ = {
			isa = PBXContainerItemProxy;
			containerPortal = 3A860F2D297006C6003A0AA8 /* Project object */;
			proxyType = 1;
			remoteGlobalIDString = 3A860F34297006C6003A0AA8;
			remoteInfo = "delegate-sample";
		};
		3A860F56297006C7003A0AA8 /* PBXContainerItemProxy */ = {
			isa = PBXContainerItemProxy;
			containerPortal = 3A860F2D297006C6003A0AA8 /* Project object */;
			proxyType = 1;
			remoteGlobalIDString = 3A860F34297006C6003A0AA8;
			remoteInfo = "delegate-sample";
		};
/* End PBXContainerItemProxy section */

/* Begin PBXFileReference section */
		3A1DB1E52973B5D400A56670 /* CustomButton.swift */ = {isa = PBXFileReference; lastKnownFileType = sourcecode.swift; path = CustomButton.swift; sourceTree = "<group>"; };
		3A2015D129704DED00365BDA /* DetailViewController.swift */ = {isa = PBXFileReference; lastKnownFileType = sourcecode.swift; path = DetailViewController.swift; sourceTree = "<group>"; };
		3A860F35297006C6003A0AA8 /* delegate-sample.app */ = {isa = PBXFileReference; explicitFileType = wrapper.application; includeInIndex = 0; path = "delegate-sample.app"; sourceTree = BUILT_PRODUCTS_DIR; };
		3A860F38297006C6003A0AA8 /* AppDelegate.swift */ = {isa = PBXFileReference; lastKnownFileType = sourcecode.swift; path = AppDelegate.swift; sourceTree = "<group>"; };
		3A860F3A297006C6003A0AA8 /* SceneDelegate.swift */ = {isa = PBXFileReference; lastKnownFileType = sourcecode.swift; path = SceneDelegate.swift; sourceTree = "<group>"; };
		3A860F3C297006C6003A0AA8 /* ViewController.swift */ = {isa = PBXFileReference; lastKnownFileType = sourcecode.swift; path = ViewController.swift; sourceTree = "<group>"; };
		3A860F3F297006C6003A0AA8 /* Base */ = {isa = PBXFileReference; lastKnownFileType = file.storyboard; name = Base; path = Base.lproj/Main.storyboard; sourceTree = "<group>"; };
		3A860F41297006C7003A0AA8 /* Assets.xcassets */ = {isa = PBXFileReference; lastKnownFileType = folder.assetcatalog; path = Assets.xcassets; sourceTree = "<group>"; };
		3A860F44297006C7003A0AA8 /* Base */ = {isa = PBXFileReference; lastKnownFileType = file.storyboard; name = Base; path = Base.lproj/LaunchScreen.storyboard; sourceTree = "<group>"; };
		3A860F46297006C7003A0AA8 /* Info.plist */ = {isa = PBXFileReference; lastKnownFileType = text.plist.xml; path = Info.plist; sourceTree = "<group>"; };
		3A860F4B297006C7003A0AA8 /* delegate-sampleTests.xctest */ = {isa = PBXFileReference; explicitFileType = wrapper.cfbundle; includeInIndex = 0; path = "delegate-sampleTests.xctest"; sourceTree = BUILT_PRODUCTS_DIR; };
		3A860F4F297006C7003A0AA8 /* delegate_sampleTests.swift */ = {isa = PBXFileReference; lastKnownFileType = sourcecode.swift; path = delegate_sampleTests.swift; sourceTree = "<group>"; };
		3A860F55297006C7003A0AA8 /* delegate-sampleUITests.xctest */ = {isa = PBXFileReference; explicitFileType = wrapper.cfbundle; includeInIndex = 0; path = "delegate-sampleUITests.xctest"; sourceTree = BUILT_PRODUCTS_DIR; };
		3A860F59297006C7003A0AA8 /* delegate_sampleUITests.swift */ = {isa = PBXFileReference; lastKnownFileType = sourcecode.swift; path = delegate_sampleUITests.swift; sourceTree = "<group>"; };
		3A860F5B297006C7003A0AA8 /* delegate_sampleUITestsLaunchTests.swift */ = {isa = PBXFileReference; lastKnownFileType = sourcecode.swift; path = delegate_sampleUITestsLaunchTests.swift; sourceTree = "<group>"; };
		5AA1CB6172D3061D5DA5A774 /* Pods_delegate_sample_delegate_sampleUITests.framework */ = {isa = PBXFileReference; explicitFileType = wrapper.framework; includeInIndex = 0; path = Pods_delegate_sample_delegate_sampleUITests.framework; sourceTree = BUILT_PRODUCTS_DIR; };
		98DEA8CE1DC0D5EAD8DFBDA7 /* Pods_delegate_sample.framework */ = {isa = PBXFileReference; explicitFileType = wrapper.framework; includeInIndex = 0; path = Pods_delegate_sample.framework; sourceTree = BUILT_PRODUCTS_DIR; };
		A0E14973310B890869D4ABD1 /* Pods-delegate-sample.release.xcconfig */ = {isa = PBXFileReference; includeInIndex = 1; lastKnownFileType = text.xcconfig; name = "Pods-delegate-sample.release.xcconfig"; path = "Target Support Files/Pods-delegate-sample/Pods-delegate-sample.release.xcconfig"; sourceTree = "<group>"; };
		B315D9422692BC41DF965442 /* Pods-delegate-sample-delegate-sampleUITests.release.xcconfig */ = {isa = PBXFileReference; includeInIndex = 1; lastKnownFileType = text.xcconfig; name = "Pods-delegate-sample-delegate-sampleUITests.release.xcconfig"; path = "Target Support Files/Pods-delegate-sample-delegate-sampleUITests/Pods-delegate-sample-delegate-sampleUITests.release.xcconfig"; sourceTree = "<group>"; };
		C3F2BCD7A486FAA27C0083CA /* Pods-delegate-sampleTests.release.xcconfig */ = {isa = PBXFileReference; includeInIndex = 1; lastKnownFileType = text.xcconfig; name = "Pods-delegate-sampleTests.release.xcconfig"; path = "Target Support Files/Pods-delegate-sampleTests/Pods-delegate-sampleTests.release.xcconfig"; sourceTree = "<group>"; };
		CF042CE39BEBA02B2309C126 /* Pods-delegate-sample.debug.xcconfig */ = {isa = PBXFileReference; includeInIndex = 1; lastKnownFileType = text.xcconfig; name = "Pods-delegate-sample.debug.xcconfig"; path = "Target Support Files/Pods-delegate-sample/Pods-delegate-sample.debug.xcconfig"; sourceTree = "<group>"; };
		D19EBB740FF74E93DDEFE843 /* Pods-delegate-sampleTests.debug.xcconfig */ = {isa = PBXFileReference; includeInIndex = 1; lastKnownFileType = text.xcconfig; name = "Pods-delegate-sampleTests.debug.xcconfig"; path = "Target Support Files/Pods-delegate-sampleTests/Pods-delegate-sampleTests.debug.xcconfig"; sourceTree = "<group>"; };
		F712A00777C8707E16CAC98C /* Pods_delegate_sampleTests.framework */ = {isa = PBXFileReference; explicitFileType = wrapper.framework; includeInIndex = 0; path = Pods_delegate_sampleTests.framework; sourceTree = BUILT_PRODUCTS_DIR; };
		FD9A0E338AE26AEC4C4775F6 /* Pods-delegate-sample-delegate-sampleUITests.debug.xcconfig */ = {isa = PBXFileReference; includeInIndex = 1; lastKnownFileType = text.xcconfig; name = "Pods-delegate-sample-delegate-sampleUITests.debug.xcconfig"; path = "Target Support Files/Pods-delegate-sample-delegate-sampleUITests/Pods-delegate-sample-delegate-sampleUITests.debug.xcconfig"; sourceTree = "<group>"; };
/* End PBXFileReference section */

/* Begin PBXFrameworksBuildPhase section */
		3A860F32297006C6003A0AA8 /* Frameworks */ = {
			isa = PBXFrameworksBuildPhase;
			buildActionMask = 2147483647;
			files = (
				A00BEE83711FF2CA683FA1BA /* Pods_delegate_sample.framework in Frameworks */,
			);
			runOnlyForDeploymentPostprocessing = 0;
		};
		3A860F48297006C7003A0AA8 /* Frameworks */ = {
			isa = PBXFrameworksBuildPhase;
			buildActionMask = 2147483647;
			files = (
				0410EEEF7C02CFED465F6E28 /* Pods_delegate_sampleTests.framework in Frameworks */,
			);
			runOnlyForDeploymentPostprocessing = 0;
		};
		3A860F52297006C7003A0AA8 /* Frameworks */ = {
			isa = PBXFrameworksBuildPhase;
			buildActionMask = 2147483647;
			files = (
				0CD839F84A6069AAF5C9A364 /* Pods_delegate_sample_delegate_sampleUITests.framework in Frameworks */,
			);
			runOnlyForDeploymentPostprocessing = 0;
		};
/* End PBXFrameworksBuildPhase section */

/* Begin PBXGroup section */
		34349844B35044A22282CC40 /* Frameworks */ = {
			isa = PBXGroup;
			children = (
				98DEA8CE1DC0D5EAD8DFBDA7 /* Pods_delegate_sample.framework */,
				5AA1CB6172D3061D5DA5A774 /* Pods_delegate_sample_delegate_sampleUITests.framework */,
				F712A00777C8707E16CAC98C /* Pods_delegate_sampleTests.framework */,
			);
			name = Frameworks;
			sourceTree = "<group>";
		};
		3A860F2C297006C6003A0AA8 = {
			isa = PBXGroup;
			children = (
				3A860F37297006C6003A0AA8 /* delegate-sample */,
				3A860F4E297006C7003A0AA8 /* delegate-sampleTests */,
				3A860F58297006C7003A0AA8 /* delegate-sampleUITests */,
				3A860F36297006C6003A0AA8 /* Products */,
				7825A8E06B7FBD621567CDEE /* Pods */,
				34349844B35044A22282CC40 /* Frameworks */,
			);
			sourceTree = "<group>";
		};
		3A860F36297006C6003A0AA8 /* Products */ = {
			isa = PBXGroup;
			children = (
				3A860F35297006C6003A0AA8 /* delegate-sample.app */,
				3A860F4B297006C7003A0AA8 /* delegate-sampleTests.xctest */,
				3A860F55297006C7003A0AA8 /* delegate-sampleUITests.xctest */,
			);
			name = Products;
			sourceTree = "<group>";
		};
		3A860F37297006C6003A0AA8 /* delegate-sample */ = {
			isa = PBXGroup;
			children = (
				3A860F38297006C6003A0AA8 /* AppDelegate.swift */,
				3A860F3A297006C6003A0AA8 /* SceneDelegate.swift */,
				3A860F3C297006C6003A0AA8 /* ViewController.swift */,
				3A860F3E297006C6003A0AA8 /* Main.storyboard */,
				3A860F41297006C7003A0AA8 /* Assets.xcassets */,
				3A860F43297006C7003A0AA8 /* LaunchScreen.storyboard */,
				3A860F46297006C7003A0AA8 /* Info.plist */,
				3A2015D129704DED00365BDA /* DetailViewController.swift */,
				3A1DB1E52973B5D400A56670 /* CustomButton.swift */,
			);
			path = "delegate-sample";
			sourceTree = "<group>";
		};
		3A860F4E297006C7003A0AA8 /* delegate-sampleTests */ = {
			isa = PBXGroup;
			children = (
				3A860F4F297006C7003A0AA8 /* delegate_sampleTests.swift */,
			);
			path = "delegate-sampleTests";
			sourceTree = "<group>";
		};
		3A860F58297006C7003A0AA8 /* delegate-sampleUITests */ = {
			isa = PBXGroup;
			children = (
				3A860F59297006C7003A0AA8 /* delegate_sampleUITests.swift */,
				3A860F5B297006C7003A0AA8 /* delegate_sampleUITestsLaunchTests.swift */,
			);
			path = "delegate-sampleUITests";
			sourceTree = "<group>";
		};
		7825A8E06B7FBD621567CDEE /* Pods */ = {
			isa = PBXGroup;
			children = (
				CF042CE39BEBA02B2309C126 /* Pods-delegate-sample.debug.xcconfig */,
				A0E14973310B890869D4ABD1 /* Pods-delegate-sample.release.xcconfig */,
				FD9A0E338AE26AEC4C4775F6 /* Pods-delegate-sample-delegate-sampleUITests.debug.xcconfig */,
				B315D9422692BC41DF965442 /* Pods-delegate-sample-delegate-sampleUITests.release.xcconfig */,
				D19EBB740FF74E93DDEFE843 /* Pods-delegate-sampleTests.debug.xcconfig */,
				C3F2BCD7A486FAA27C0083CA /* Pods-delegate-sampleTests.release.xcconfig */,
			);
			path = Pods;
			sourceTree = "<group>";
		};
/* End PBXGroup section */

/* Begin PBXNativeTarget section */
		3A860F34297006C6003A0AA8 /* delegate-sample */ = {
			isa = PBXNativeTarget;
			buildConfigurationList = 3A860F5F297006C7003A0AA8 /* Build configuration list for PBXNativeTarget "delegate-sample" */;
			buildPhases = (
				0BABEB10340AB16D972DBC48 /* [CP] Check Pods Manifest.lock */,
				3A860F31297006C6003A0AA8 /* Sources */,
				3A860F32297006C6003A0AA8 /* Frameworks */,
				3A860F33297006C6003A0AA8 /* Resources */,
				32FA82352723F5C3C73FC39A /* [CP] Embed Pods Frameworks */,
			);
			buildRules = (
			);
			dependencies = (
			);
			name = "delegate-sample";
			productName = "delegate-sample";
			productReference = 3A860F35297006C6003A0AA8 /* delegate-sample.app */;
			productType = "com.apple.product-type.application";
		};
		3A860F4A297006C7003A0AA8 /* delegate-sampleTests */ = {
			isa = PBXNativeTarget;
			buildConfigurationList = 3A860F62297006C7003A0AA8 /* Build configuration list for PBXNativeTarget "delegate-sampleTests" */;
			buildPhases = (
				015A5214AA4C7234C017B25C /* [CP] Check Pods Manifest.lock */,
				3A860F47297006C7003A0AA8 /* Sources */,
				3A860F48297006C7003A0AA8 /* Frameworks */,
				3A860F49297006C7003A0AA8 /* Resources */,
			);
			buildRules = (
			);
			dependencies = (
				3A860F4D297006C7003A0AA8 /* PBXTargetDependency */,
			);
			name = "delegate-sampleTests";
			productName = "delegate-sampleTests";
			productReference = 3A860F4B297006C7003A0AA8 /* delegate-sampleTests.xctest */;
			productType = "com.apple.product-type.bundle.unit-test";
		};
		3A860F54297006C7003A0AA8 /* delegate-sampleUITests */ = {
			isa = PBXNativeTarget;
			buildConfigurationList = 3A860F65297006C7003A0AA8 /* Build configuration list for PBXNativeTarget "delegate-sampleUITests" */;
			buildPhases = (
				6A4968B9618C4425AC0D8DB9 /* [CP] Check Pods Manifest.lock */,
				3A860F51297006C7003A0AA8 /* Sources */,
				3A860F52297006C7003A0AA8 /* Frameworks */,
				3A860F53297006C7003A0AA8 /* Resources */,
				F830D8330AB6C377D64C4B7E /* [CP] Embed Pods Frameworks */,
			);
			buildRules = (
			);
			dependencies = (
				3A860F57297006C7003A0AA8 /* PBXTargetDependency */,
			);
			name = "delegate-sampleUITests";
			productName = "delegate-sampleUITests";
			productReference = 3A860F55297006C7003A0AA8 /* delegate-sampleUITests.xctest */;
			productType = "com.apple.product-type.bundle.ui-testing";
		};
/* End PBXNativeTarget section */

/* Begin PBXProject section */
		3A860F2D297006C6003A0AA8 /* Project object */ = {
			isa = PBXProject;
			attributes = {
				BuildIndependentTargetsInParallel = 1;
				LastSwiftUpdateCheck = 1410;
				LastUpgradeCheck = 1410;
				TargetAttributes = {
					3A860F34297006C6003A0AA8 = {
						CreatedOnToolsVersion = 14.1;
					};
					3A860F4A297006C7003A0AA8 = {
						CreatedOnToolsVersion = 14.1;
						TestTargetID = 3A860F34297006C6003A0AA8;
					};
					3A860F54297006C7003A0AA8 = {
						CreatedOnToolsVersion = 14.1;
						TestTargetID = 3A860F34297006C6003A0AA8;
					};
				};
			};
			buildConfigurationList = 3A860F30297006C6003A0AA8 /* Build configuration list for PBXProject "delegate-sample" */;
			compatibilityVersion = "Xcode 14.0";
			developmentRegion = en;
			hasScannedForEncodings = 0;
			knownRegions = (
				en,
				Base,
			);
			mainGroup = 3A860F2C297006C6003A0AA8;
			productRefGroup = 3A860F36297006C6003A0AA8 /* Products */;
			projectDirPath = "";
			projectRoot = "";
			targets = (
				3A860F34297006C6003A0AA8 /* delegate-sample */,
				3A860F4A297006C7003A0AA8 /* delegate-sampleTests */,
				3A860F54297006C7003A0AA8 /* delegate-sampleUITests */,
			);
		};
/* End PBXProject section */

/* Begin PBXResourcesBuildPhase section */
		3A860F33297006C6003A0AA8 /* Resources */ = {
			isa = PBXResourcesBuildPhase;
			buildActionMask = 2147483647;
			files = (
				3A860F45297006C7003A0AA8 /* LaunchScreen.storyboard in Resources */,
				3A860F42297006C7003A0AA8 /* Assets.xcassets in Resources */,
				3A860F40297006C6003A0AA8 /* Main.storyboard in Resources */,
			);
			runOnlyForDeploymentPostprocessing = 0;
		};
		3A860F49297006C7003A0AA8 /* Resources */ = {
			isa = PBXResourcesBuildPhase;
			buildActionMask = 2147483647;
			files = (
			);
			runOnlyForDeploymentPostprocessing = 0;
		};
		3A860F53297006C7003A0AA8 /* Resources */ = {
			isa = PBXResourcesBuildPhase;
			buildActionMask = 2147483647;
			files = (
			);
			runOnlyForDeploymentPostprocessing = 0;
		};
/* End PBXResourcesBuildPhase section */

/* Begin PBXShellScriptBuildPhase section */
		015A5214AA4C7234C017B25C /* [CP] Check Pods Manifest.lock */ = {
			isa = PBXShellScriptBuildPhase;
			buildActionMask = 2147483647;
			files = (
			);
			inputFileListPaths = (
			);
			inputPaths = (
				"${PODS_PODFILE_DIR_PATH}/Podfile.lock",
				"${PODS_ROOT}/Manifest.lock",
			);
			name = "[CP] Check Pods Manifest.lock";
			outputFileListPaths = (
			);
			outputPaths = (
				"$(DERIVED_FILE_DIR)/Pods-delegate-sampleTests-checkManifestLockResult.txt",
			);
			runOnlyForDeploymentPostprocessing = 0;
			shellPath = /bin/sh;
			shellScript = "diff \"${PODS_PODFILE_DIR_PATH}/Podfile.lock\" \"${PODS_ROOT}/Manifest.lock\" > /dev/null\nif [ $? != 0 ] ; then\n    # print error to STDERR\n    echo \"error: The sandbox is not in sync with the Podfile.lock. Run 'pod install' or update your CocoaPods installation.\" >&2\n    exit 1\nfi\n# This output is used by Xcode 'outputs' to avoid re-running this script phase.\necho \"SUCCESS\" > \"${SCRIPT_OUTPUT_FILE_0}\"\n";
			showEnvVarsInLog = 0;
		};
		0BABEB10340AB16D972DBC48 /* [CP] Check Pods Manifest.lock */ = {
			isa = PBXShellScriptBuildPhase;
			buildActionMask = 2147483647;
			files = (
			);
			inputFileListPaths = (
			);
			inputPaths = (
				"${PODS_PODFILE_DIR_PATH}/Podfile.lock",
				"${PODS_ROOT}/Manifest.lock",
			);
			name = "[CP] Check Pods Manifest.lock";
			outputFileListPaths = (
			);
			outputPaths = (
				"$(DERIVED_FILE_DIR)/Pods-delegate-sample-checkManifestLockResult.txt",
			);
			runOnlyForDeploymentPostprocessing = 0;
			shellPath = /bin/sh;
			shellScript = "diff \"${PODS_PODFILE_DIR_PATH}/Podfile.lock\" \"${PODS_ROOT}/Manifest.lock\" > /dev/null\nif [ $? != 0 ] ; then\n    # print error to STDERR\n    echo \"error: The sandbox is not in sync with the Podfile.lock. Run 'pod install' or update your CocoaPods installation.\" >&2\n    exit 1\nfi\n# This output is used by Xcode 'outputs' to avoid re-running this script phase.\necho \"SUCCESS\" > \"${SCRIPT_OUTPUT_FILE_0}\"\n";
			showEnvVarsInLog = 0;
		};
		32FA82352723F5C3C73FC39A /* [CP] Embed Pods Frameworks */ = {
			isa = PBXShellScriptBuildPhase;
			buildActionMask = 2147483647;
			files = (
			);
			inputFileListPaths = (
				"${PODS_ROOT}/Target Support Files/Pods-delegate-sample/Pods-delegate-sample-frameworks-${CONFIGURATION}-input-files.xcfilelist",
			);
			name = "[CP] Embed Pods Frameworks";
			outputFileListPaths = (
				"${PODS_ROOT}/Target Support Files/Pods-delegate-sample/Pods-delegate-sample-frameworks-${CONFIGURATION}-output-files.xcfilelist",
			);
			runOnlyForDeploymentPostprocessing = 0;
			shellPath = /bin/sh;
			shellScript = "\"${PODS_ROOT}/Target Support Files/Pods-delegate-sample/Pods-delegate-sample-frameworks.sh\"\n";
			showEnvVarsInLog = 0;
		};
		6A4968B9618C4425AC0D8DB9 /* [CP] Check Pods Manifest.lock */ = {
			isa = PBXShellScriptBuildPhase;
			buildActionMask = 2147483647;
			files = (
			);
			inputFileListPaths = (
			);
			inputPaths = (
				"${PODS_PODFILE_DIR_PATH}/Podfile.lock",
				"${PODS_ROOT}/Manifest.lock",
			);
			name = "[CP] Check Pods Manifest.lock";
			outputFileListPaths = (
			);
			outputPaths = (
				"$(DERIVED_FILE_DIR)/Pods-delegate-sample-delegate-sampleUITests-checkManifestLockResult.txt",
			);
			runOnlyForDeploymentPostprocessing = 0;
			shellPath = /bin/sh;
			shellScript = "diff \"${PODS_PODFILE_DIR_PATH}/Podfile.lock\" \"${PODS_ROOT}/Manifest.lock\" > /dev/null\nif [ $? != 0 ] ; then\n    # print error to STDERR\n    echo \"error: The sandbox is not in sync with the Podfile.lock. Run 'pod install' or update your CocoaPods installation.\" >&2\n    exit 1\nfi\n# This output is used by Xcode 'outputs' to avoid re-running this script phase.\necho \"SUCCESS\" > \"${SCRIPT_OUTPUT_FILE_0}\"\n";
			showEnvVarsInLog = 0;
		};
		F830D8330AB6C377D64C4B7E /* [CP] Embed Pods Frameworks */ = {
			isa = PBXShellScriptBuildPhase;
			buildActionMask = 2147483647;
			files = (
			);
			inputFileListPaths = (
				"${PODS_ROOT}/Target Support Files/Pods-delegate-sample-delegate-sampleUITests/Pods-delegate-sample-delegate-sampleUITests-frameworks-${CONFIGURATION}-input-files.xcfilelist",
			);
			name = "[CP] Embed Pods Frameworks";
			outputFileListPaths = (
				"${PODS_ROOT}/Target Support Files/Pods-delegate-sample-delegate-sampleUITests/Pods-delegate-sample-delegate-sampleUITests-frameworks-${CONFIGURATION}-output-files.xcfilelist",
			);
			runOnlyForDeploymentPostprocessing = 0;
			shellPath = /bin/sh;
			shellScript = "\"${PODS_ROOT}/Target Support Files/Pods-delegate-sample-delegate-sampleUITests/Pods-delegate-sample-delegate-sampleUITests-frameworks.sh\"\n";
			showEnvVarsInLog = 0;
		};
/* End PBXShellScriptBuildPhase section */

/* Begin PBXSourcesBuildPhase section */
		3A860F31297006C6003A0AA8 /* Sources */ = {
			isa = PBXSourcesBuildPhase;
			buildActionMask = 2147483647;
			files = (
				3A860F3D297006C6003A0AA8 /* ViewController.swift in Sources */,
				3A860F39297006C6003A0AA8 /* AppDelegate.swift in Sources */,
				3A860F3B297006C6003A0AA8 /* SceneDelegate.swift in Sources */,
				3A2015D229704DED00365BDA /* DetailViewController.swift in Sources */,
				3A1DB1E62973B5D400A56670 /* CustomButton.swift in Sources */,
			);
			runOnlyForDeploymentPostprocessing = 0;
		};
		3A860F47297006C7003A0AA8 /* Sources */ = {
			isa = PBXSourcesBuildPhase;
			buildActionMask = 2147483647;
			files = (
				3A860F50297006C7003A0AA8 /* delegate_sampleTests.swift in Sources */,
			);
			runOnlyForDeploymentPostprocessing = 0;
		};
		3A860F51297006C7003A0AA8 /* Sources */ = {
			isa = PBXSourcesBuildPhase;
			buildActionMask = 2147483647;
			files = (
				3A860F5A297006C7003A0AA8 /* delegate_sampleUITests.swift in Sources */,
				3A860F5C297006C7003A0AA8 /* delegate_sampleUITestsLaunchTests.swift in Sources */,
			);
			runOnlyForDeploymentPostprocessing = 0;
		};
/* End PBXSourcesBuildPhase section */

/* Begin PBXTargetDependency section */
		3A860F4D297006C7003A0AA8 /* PBXTargetDependency */ = {
			isa = PBXTargetDependency;
			target = 3A860F34297006C6003A0AA8 /* delegate-sample */;
			targetProxy = 3A860F4C297006C7003A0AA8 /* PBXContainerItemProxy */;
		};
		3A860F57297006C7003A0AA8 /* PBXTargetDependency */ = {
			isa = PBXTargetDependency;
			target = 3A860F34297006C6003A0AA8 /* delegate-sample */;
			targetProxy = 3A860F56297006C7003A0AA8 /* PBXContainerItemProxy */;
		};
/* End PBXTargetDependency section */

/* Begin PBXVariantGroup section */
		3A860F3E297006C6003A0AA8 /* Main.storyboard */ = {
			isa = PBXVariantGroup;
			children = (
				3A860F3F297006C6003A0AA8 /* Base */,
			);
			name = Main.storyboard;
			sourceTree = "<group>";
		};
		3A860F43297006C7003A0AA8 /* LaunchScreen.storyboard */ = {
			isa = PBXVariantGroup;
			children = (
				3A860F44297006C7003A0AA8 /* Base */,
			);
			name = LaunchScreen.storyboard;
			sourceTree = "<group>";
		};
/* End PBXVariantGroup section */

/* Begin XCBuildConfiguration section */
		3A860F5D297006C7003A0AA8 /* Debug */ = {
			isa = XCBuildConfiguration;
			buildSettings = {
				ALWAYS_SEARCH_USER_PATHS = NO;
				CLANG_ANALYZER_NONNULL = YES;
				CLANG_ANALYZER_NUMBER_OBJECT_CONVERSION = YES_AGGRESSIVE;
				CLANG_CXX_LANGUAGE_STANDARD = "gnu++20";
				CLANG_ENABLE_MODULES = YES;
				CLANG_ENABLE_OBJC_ARC = YES;
				CLANG_ENABLE_OBJC_WEAK = YES;
				CLANG_WARN_BLOCK_CAPTURE_AUTORELEASING = YES;
				CLANG_WARN_BOOL_CONVERSION = YES;
				CLANG_WARN_COMMA = YES;
				CLANG_WARN_CONSTANT_CONVERSION = YES;
				CLANG_WARN_DEPRECATED_OBJC_IMPLEMENTATIONS = YES;
				CLANG_WARN_DIRECT_OBJC_ISA_USAGE = YES_ERROR;
				CLANG_WARN_DOCUMENTATION_COMMENTS = YES;
				CLANG_WARN_EMPTY_BODY = YES;
				CLANG_WARN_ENUM_CONVERSION = YES;
				CLANG_WARN_INFINITE_RECURSION = YES;
				CLANG_WARN_INT_CONVERSION = YES;
				CLANG_WARN_NON_LITERAL_NULL_CONVERSION = YES;
				CLANG_WARN_OBJC_IMPLICIT_RETAIN_SELF = YES;
				CLANG_WARN_OBJC_LITERAL_CONVERSION = YES;
				CLANG_WARN_OBJC_ROOT_CLASS = YES_ERROR;
				CLANG_WARN_QUOTED_INCLUDE_IN_FRAMEWORK_HEADER = YES;
				CLANG_WARN_RANGE_LOOP_ANALYSIS = YES;
				CLANG_WARN_STRICT_PROTOTYPES = YES;
				CLANG_WARN_SUSPICIOUS_MOVE = YES;
				CLANG_WARN_UNGUARDED_AVAILABILITY = YES_AGGRESSIVE;
				CLANG_WARN_UNREACHABLE_CODE = YES;
				CLANG_WARN__DUPLICATE_METHOD_MATCH = YES;
				COPY_PHASE_STRIP = NO;
				DEBUG_INFORMATION_FORMAT = dwarf;
				ENABLE_STRICT_OBJC_MSGSEND = YES;
				ENABLE_TESTABILITY = YES;
				GCC_C_LANGUAGE_STANDARD = gnu11;
				GCC_DYNAMIC_NO_PIC = NO;
				GCC_NO_COMMON_BLOCKS = YES;
				GCC_OPTIMIZATION_LEVEL = 0;
				GCC_PREPROCESSOR_DEFINITIONS = (
					"DEBUG=1",
					"$(inherited)",
				);
				GCC_WARN_64_TO_32_BIT_CONVERSION = YES;
				GCC_WARN_ABOUT_RETURN_TYPE = YES_ERROR;
				GCC_WARN_UNDECLARED_SELECTOR = YES;
				GCC_WARN_UNINITIALIZED_AUTOS = YES_AGGRESSIVE;
				GCC_WARN_UNUSED_FUNCTION = YES;
				GCC_WARN_UNUSED_VARIABLE = YES;
				IPHONEOS_DEPLOYMENT_TARGET = 16.1;
				MTL_ENABLE_DEBUG_INFO = INCLUDE_SOURCE;
				MTL_FAST_MATH = YES;
				ONLY_ACTIVE_ARCH = YES;
				SDKROOT = iphoneos;
				SWIFT_ACTIVE_COMPILATION_CONDITIONS = DEBUG;
				SWIFT_OPTIMIZATION_LEVEL = "-Onone";
			};
			name = Debug;
		};
		3A860F5E297006C7003A0AA8 /* Release */ = {
			isa = XCBuildConfiguration;
			buildSettings = {
				ALWAYS_SEARCH_USER_PATHS = NO;
				CLANG_ANALYZER_NONNULL = YES;
				CLANG_ANALYZER_NUMBER_OBJECT_CONVERSION = YES_AGGRESSIVE;
				CLANG_CXX_LANGUAGE_STANDARD = "gnu++20";
				CLANG_ENABLE_MODULES = YES;
				CLANG_ENABLE_OBJC_ARC = YES;
				CLANG_ENABLE_OBJC_WEAK = YES;
				CLANG_WARN_BLOCK_CAPTURE_AUTORELEASING = YES;
				CLANG_WARN_BOOL_CONVERSION = YES;
				CLANG_WARN_COMMA = YES;
				CLANG_WARN_CONSTANT_CONVERSION = YES;
				CLANG_WARN_DEPRECATED_OBJC_IMPLEMENTATIONS = YES;
				CLANG_WARN_DIRECT_OBJC_ISA_USAGE = YES_ERROR;
				CLANG_WARN_DOCUMENTATION_COMMENTS = YES;
				CLANG_WARN_EMPTY_BODY = YES;
				CLANG_WARN_ENUM_CONVERSION = YES;
				CLANG_WARN_INFINITE_RECURSION = YES;
				CLANG_WARN_INT_CONVERSION = YES;
				CLANG_WARN_NON_LITERAL_NULL_CONVERSION = YES;
				CLANG_WARN_OBJC_IMPLICIT_RETAIN_SELF = YES;
				CLANG_WARN_OBJC_LITERAL_CONVERSION = YES;
				CLANG_WARN_OBJC_ROOT_CLASS = YES_ERROR;
				CLANG_WARN_QUOTED_INCLUDE_IN_FRAMEWORK_HEADER = YES;
				CLANG_WARN_RANGE_LOOP_ANALYSIS = YES;
				CLANG_WARN_STRICT_PROTOTYPES = YES;
				CLANG_WARN_SUSPICIOUS_MOVE = YES;
				CLANG_WARN_UNGUARDED_AVAILABILITY = YES_AGGRESSIVE;
				CLANG_WARN_UNREACHABLE_CODE = YES;
				CLANG_WARN__DUPLICATE_METHOD_MATCH = YES;
				COPY_PHASE_STRIP = NO;
				DEBUG_INFORMATION_FORMAT = "dwarf-with-dsym";
				ENABLE_NS_ASSERTIONS = NO;
				ENABLE_STRICT_OBJC_MSGSEND = YES;
				GCC_C_LANGUAGE_STANDARD = gnu11;
				GCC_NO_COMMON_BLOCKS = YES;
				GCC_WARN_64_TO_32_BIT_CONVERSION = YES;
				GCC_WARN_ABOUT_RETURN_TYPE = YES_ERROR;
				GCC_WARN_UNDECLARED_SELECTOR = YES;
				GCC_WARN_UNINITIALIZED_AUTOS = YES_AGGRESSIVE;
				GCC_WARN_UNUSED_FUNCTION = YES;
				GCC_WARN_UNUSED_VARIABLE = YES;
				IPHONEOS_DEPLOYMENT_TARGET = 16.1;
				MTL_ENABLE_DEBUG_INFO = NO;
				MTL_FAST_MATH = YES;
				SDKROOT = iphoneos;
				SWIFT_COMPILATION_MODE = wholemodule;
				SWIFT_OPTIMIZATION_LEVEL = "-O";
				VALIDATE_PRODUCT = YES;
			};
			name = Release;
		};
		3A860F60297006C7003A0AA8 /* Debug */ = {
			isa = XCBuildConfiguration;
			baseConfigurationReference = CF042CE39BEBA02B2309C126 /* Pods-delegate-sample.debug.xcconfig */;
			buildSettings = {
				ASSETCATALOG_COMPILER_APPICON_NAME = AppIcon;
				ASSETCATALOG_COMPILER_GLOBAL_ACCENT_COLOR_NAME = AccentColor;
				CODE_SIGN_STYLE = Automatic;
				CURRENT_PROJECT_VERSION = 1;
				DEVELOPMENT_TEAM = 4W9BJUAY8P;
				GENERATE_INFOPLIST_FILE = YES;
				INFOPLIST_FILE = "delegate-sample/Info.plist";
				INFOPLIST_KEY_UIApplicationSupportsIndirectInputEvents = YES;
				INFOPLIST_KEY_UILaunchStoryboardName = LaunchScreen;
				INFOPLIST_KEY_UIMainStoryboardFile = Main;
				INFOPLIST_KEY_UISupportedInterfaceOrientations_iPad = "UIInterfaceOrientationPortrait UIInterfaceOrientationPortraitUpsideDown UIInterfaceOrientationLandscapeLeft UIInterfaceOrientationLandscapeRight";
				INFOPLIST_KEY_UISupportedInterfaceOrientations_iPhone = "UIInterfaceOrientationPortrait UIInterfaceOrientationLandscapeLeft UIInterfaceOrientationLandscapeRight";
				LD_RUNPATH_SEARCH_PATHS = (
					"$(inherited)",
					"@executable_path/Frameworks",
				);
				MARKETING_VERSION = 1.0;
				PRODUCT_BUNDLE_IDENTIFIER = "com.sjyt.delegate-sample";
				PRODUCT_NAME = "$(TARGET_NAME)";
				SWIFT_EMIT_LOC_STRINGS = YES;
				SWIFT_VERSION = 5.0;
				TARGETED_DEVICE_FAMILY = "1,2";
			};
			name = Debug;
		};
		3A860F61297006C7003A0AA8 /* Release */ = {
			isa = XCBuildConfiguration;
			baseConfigurationReference = A0E14973310B890869D4ABD1 /* Pods-delegate-sample.release.xcconfig */;
			buildSettings = {
				ASSETCATALOG_COMPILER_APPICON_NAME = AppIcon;
				ASSETCATALOG_COMPILER_GLOBAL_ACCENT_COLOR_NAME = AccentColor;
				CODE_SIGN_STYLE = Automatic;
				CURRENT_PROJECT_VERSION = 1;
				DEVELOPMENT_TEAM = 4W9BJUAY8P;
				GENERATE_INFOPLIST_FILE = YES;
				INFOPLIST_FILE = "delegate-sample/Info.plist";
				INFOPLIST_KEY_UIApplicationSupportsIndirectInputEvents = YES;
				INFOPLIST_KEY_UILaunchStoryboardName = LaunchScreen;
				INFOPLIST_KEY_UIMainStoryboardFile = Main;
				INFOPLIST_KEY_UISupportedInterfaceOrientations_iPad = "UIInterfaceOrientationPortrait UIInterfaceOrientationPortraitUpsideDown UIInterfaceOrientationLandscapeLeft UIInterfaceOrientationLandscapeRight";
				INFOPLIST_KEY_UISupportedInterfaceOrientations_iPhone = "UIInterfaceOrientationPortrait UIInterfaceOrientationLandscapeLeft UIInterfaceOrientationLandscapeRight";
				LD_RUNPATH_SEARCH_PATHS = (
					"$(inherited)",
					"@executable_path/Frameworks",
				);
				MARKETING_VERSION = 1.0;
				PRODUCT_BUNDLE_IDENTIFIER = "com.sjyt.delegate-sample";
				PRODUCT_NAME = "$(TARGET_NAME)";
				SWIFT_EMIT_LOC_STRINGS = YES;
				SWIFT_VERSION = 5.0;
				TARGETED_DEVICE_FAMILY = "1,2";
			};
			name = Release;
		};
		3A860F63297006C7003A0AA8 /* Debug */ = {
			isa = XCBuildConfiguration;
			baseConfigurationReference = D19EBB740FF74E93DDEFE843 /* Pods-delegate-sampleTests.debug.xcconfig */;
			buildSettings = {
				ALWAYS_EMBED_SWIFT_STANDARD_LIBRARIES = YES;
				BUNDLE_LOADER = "$(TEST_HOST)";
				CODE_SIGN_STYLE = Automatic;
				CURRENT_PROJECT_VERSION = 1;
				DEVELOPMENT_TEAM = 4W9BJUAY8P;
				GENERATE_INFOPLIST_FILE = YES;
				IPHONEOS_DEPLOYMENT_TARGET = 16.1;
				MARKETING_VERSION = 1.0;
				PRODUCT_BUNDLE_IDENTIFIER = "com.sjyt.delegate-sampleTests";
				PRODUCT_NAME = "$(TARGET_NAME)";
				SWIFT_EMIT_LOC_STRINGS = NO;
				SWIFT_VERSION = 5.0;
				TARGETED_DEVICE_FAMILY = "1,2";
				TEST_HOST = "$(BUILT_PRODUCTS_DIR)/delegate-sample.app/$(BUNDLE_EXECUTABLE_FOLDER_PATH)/delegate-sample";
			};
			name = Debug;
		};
		3A860F64297006C7003A0AA8 /* Release */ = {
			isa = XCBuildConfiguration;
			baseConfigurationReference = C3F2BCD7A486FAA27C0083CA /* Pods-delegate-sampleTests.release.xcconfig */;
			buildSettings = {
				ALWAYS_EMBED_SWIFT_STANDARD_LIBRARIES = YES;
				BUNDLE_LOADER = "$(TEST_HOST)";
				CODE_SIGN_STYLE = Automatic;
				CURRENT_PROJECT_VERSION = 1;
				DEVELOPMENT_TEAM = 4W9BJUAY8P;
				GENERATE_INFOPLIST_FILE = YES;
				IPHONEOS_DEPLOYMENT_TARGET = 16.1;
				MARKETING_VERSION = 1.0;
				PRODUCT_BUNDLE_IDENTIFIER = "com.sjyt.delegate-sampleTests";
				PRODUCT_NAME = "$(TARGET_NAME)";
				SWIFT_EMIT_LOC_STRINGS = NO;
				SWIFT_VERSION = 5.0;
				TARGETED_DEVICE_FAMILY = "1,2";
				TEST_HOST = "$(BUILT_PRODUCTS_DIR)/delegate-sample.app/$(BUNDLE_EXECUTABLE_FOLDER_PATH)/delegate-sample";
			};
			name = Release;
		};
		3A860F66297006C7003A0AA8 /* Debug */ = {
			isa = XCBuildConfiguration;
			baseConfigurationReference = FD9A0E338AE26AEC4C4775F6 /* Pods-delegate-sample-delegate-sampleUITests.debug.xcconfig */;
			buildSettings = {
				ALWAYS_EMBED_SWIFT_STANDARD_LIBRARIES = YES;
				CODE_SIGN_STYLE = Automatic;
				CURRENT_PROJECT_VERSION = 1;
				DEVELOPMENT_TEAM = 4W9BJUAY8P;
				GENERATE_INFOPLIST_FILE = YES;
				MARKETING_VERSION = 1.0;
				PRODUCT_BUNDLE_IDENTIFIER = "com.sjyt.delegate-sampleUITests";
				PRODUCT_NAME = "$(TARGET_NAME)";
				SWIFT_EMIT_LOC_STRINGS = NO;
				SWIFT_VERSION = 5.0;
				TARGETED_DEVICE_FAMILY = "1,2";
				TEST_TARGET_NAME = "delegate-sample";
			};
			name = Debug;
		};
		3A860F67297006C7003A0AA8 /* Release */ = {
			isa = XCBuildConfiguration;
			baseConfigurationReference = B315D9422692BC41DF965442 /* Pods-delegate-sample-delegate-sampleUITests.release.xcconfig */;
			buildSettings = {
				ALWAYS_EMBED_SWIFT_STANDARD_LIBRARIES = YES;
				CODE_SIGN_STYLE = Automatic;
				CURRENT_PROJECT_VERSION = 1;
				DEVELOPMENT_TEAM = 4W9BJUAY8P;
				GENERATE_INFOPLIST_FILE = YES;
				MARKETING_VERSION = 1.0;
				PRODUCT_BUNDLE_IDENTIFIER = "com.sjyt.delegate-sampleUITests";
				PRODUCT_NAME = "$(TARGET_NAME)";
				SWIFT_EMIT_LOC_STRINGS = NO;
				SWIFT_VERSION = 5.0;
				TARGETED_DEVICE_FAMILY = "1,2";
				TEST_TARGET_NAME = "delegate-sample";
			};
			name = Release;
		};
/* End XCBuildConfiguration section */

/* Begin XCConfigurationList section */
		3A860F30297006C6003A0AA8 /* Build configuration list for PBXProject "delegate-sample" */ = {
			isa = XCConfigurationList;
			buildConfigurations = (
				3A860F5D297006C7003A0AA8 /* Debug */,
				3A860F5E297006C7003A0AA8 /* Release */,
			);
			defaultConfigurationIsVisible = 0;
			defaultConfigurationName = Release;
		};
		3A860F5F297006C7003A0AA8 /* Build configuration list for PBXNativeTarget "delegate-sample" */ = {
			isa = XCConfigurationList;
			buildConfigurations = (
				3A860F60297006C7003A0AA8 /* Debug */,
				3A860F61297006C7003A0AA8 /* Release */,
			);
			defaultConfigurationIsVisible = 0;
			defaultConfigurationName = Release;
		};
		3A860F62297006C7003A0AA8 /* Build configuration list for PBXNativeTarget "delegate-sampleTests" */ = {
			isa = XCConfigurationList;
			buildConfigurations = (
				3A860F63297006C7003A0AA8 /* Debug */,
				3A860F64297006C7003A0AA8 /* Release */,
			);
			defaultConfigurationIsVisible = 0;
			defaultConfigurationName = Release;
		};
		3A860F65297006C7003A0AA8 /* Build configuration list for PBXNativeTarget "delegate-sampleUITests" */ = {
			isa = XCConfigurationList;
			buildConfigurations = (
				3A860F66297006C7003A0AA8 /* Debug */,
				3A860F67297006C7003A0AA8 /* Release */,
			);
			defaultConfigurationIsVisible = 0;
			defaultConfigurationName = Release;
		};
/* End XCConfigurationList section */
	};
	rootObject = 3A860F2D297006C6003A0AA8 /* Project object */;
}
